// !$*UTF8*$!
{
	archiveVersion = 1;
	classes = {
	};
	objectVersion = 56;
	objects = {

/* Begin PBXBuildFile section */
		968B3EC02A3039AA00AD6962 /* Destiny.swift in Sources */ = {isa = PBXBuildFile; fileRef = 968B3EBF2A3039AA00AD6962 /* Destiny.swift */; };
		968B3EC42A3039ED00AD6962 /* DestinyBrain.swift in Sources */ = {isa = PBXBuildFile; fileRef = 968B3EC32A3039ED00AD6962 /* DestinyBrain.swift */; };
		96FF9ACB2A30327900FA4F2B /* AppDelegate.swift in Sources */ = {isa = PBXBuildFile; fileRef = 96FF9ACA2A30327900FA4F2B /* AppDelegate.swift */; };
		96FF9ACD2A30327900FA4F2B /* SceneDelegate.swift in Sources */ = {isa = PBXBuildFile; fileRef = 96FF9ACC2A30327900FA4F2B /* SceneDelegate.swift */; };
		96FF9ACF2A30327900FA4F2B /* ViewController.swift in Sources */ = {isa = PBXBuildFile; fileRef = 96FF9ACE2A30327900FA4F2B /* ViewController.swift */; };
		96FF9AD22A30327900FA4F2B /* Main.storyboard in Resources */ = {isa = PBXBuildFile; fileRef = 96FF9AD02A30327900FA4F2B /* Main.storyboard */; };
		96FF9AD42A30327A00FA4F2B /* Assets.xcassets in Resources */ = {isa = PBXBuildFile; fileRef = 96FF9AD32A30327A00FA4F2B /* Assets.xcassets */; };
		96FF9AD72A30327A00FA4F2B /* LaunchScreen.storyboard in Resources */ = {isa = PBXBuildFile; fileRef = 96FF9AD52A30327A00FA4F2B /* LaunchScreen.storyboard */; };
/* End PBXBuildFile section */

/* Begin PBXFileReference section */
		968B3EBF2A3039AA00AD6962 /* Destiny.swift */ = {isa = PBXFileReference; lastKnownFileType = sourcecode.swift; path = Destiny.swift; sourceTree = "<group>"; };
		968B3EC32A3039ED00AD6962 /* DestinyBrain.swift */ = {isa = PBXFileReference; lastKnownFileType = sourcecode.swift; path = DestinyBrain.swift; sourceTree = "<group>"; };
		96FF9AC72A30327900FA4F2B /* Choose Your Destiny.app */ = {isa = PBXFileReference; explicitFileType = wrapper.application; includeInIndex = 0; path = "Choose Your Destiny.app"; sourceTree = BUILT_PRODUCTS_DIR; };
		96FF9ACA2A30327900FA4F2B /* AppDelegate.swift */ = {isa = PBXFileReference; lastKnownFileType = sourcecode.swift; path = AppDelegate.swift; sourceTree = "<group>"; };
		96FF9ACC2A30327900FA4F2B /* SceneDelegate.swift */ = {isa = PBXFileReference; lastKnownFileType = sourcecode.swift; path = SceneDelegate.swift; sourceTree = "<group>"; };
		96FF9ACE2A30327900FA4F2B /* ViewController.swift */ = {isa = PBXFileReference; lastKnownFileType = sourcecode.swift; path = ViewController.swift; sourceTree = "<group>"; };
		96FF9AD12A30327900FA4F2B /* Base */ = {isa = PBXFileReference; lastKnownFileType = file.storyboard; name = Base; path = Base.lproj/Main.storyboard; sourceTree = "<group>"; };
		96FF9AD32A30327A00FA4F2B /* Assets.xcassets */ = {isa = PBXFileReference; lastKnownFileType = folder.assetcatalog; path = Assets.xcassets; sourceTree = "<group>"; };
		96FF9AD62A30327A00FA4F2B /* Base */ = {isa = PBXFileReference; lastKnownFileType = file.storyboard; name = Base; path = Base.lproj/LaunchScreen.storyboard; sourceTree = "<group>"; };
		96FF9AD82A30327A00FA4F2B /* Info.plist */ = {isa = PBXFileReference; lastKnownFileType = text.plist.xml; path = Info.plist; sourceTree = "<group>"; };
/* End PBXFileReference section */

/* Begin PBXFrameworksBuildPhase section */
		96FF9AC42A30327900FA4F2B /* Frameworks */ = {
			isa = PBXFrameworksBuildPhase;
			buildActionMask = 2147483647;
			files = (
			);
			runOnlyForDeploymentPostprocessing = 0;
		};
/* End PBXFrameworksBuildPhase section */

/* Begin PBXGroup section */
		96FF9ABE2A30327900FA4F2B = {
			isa = PBXGroup;
			children = (
				96FF9AC92A30327900FA4F2B /* Choose Your Destiny */,
				96FF9AC82A30327900FA4F2B /* Products */,
			);
			sourceTree = "<group>";
		};
		96FF9AC82A30327900FA4F2B /* Products */ = {
			isa = PBXGroup;
			children = (
				96FF9AC72A30327900FA4F2B /* Choose Your Destiny.app */,
			);
			name = Products;
			sourceTree = "<group>";
		};
		96FF9AC92A30327900FA4F2B /* Choose Your Destiny */ = {
			isa = PBXGroup;
			children = (
				96FF9ACA2A30327900FA4F2B /* AppDelegate.swift */,
				96FF9ACC2A30327900FA4F2B /* SceneDelegate.swift */,
				96FF9ACE2A30327900FA4F2B /* ViewController.swift */,
				96FF9AD02A30327900FA4F2B /* Main.storyboard */,
				968B3EBF2A3039AA00AD6962 /* Destiny.swift */,
				968B3EC32A3039ED00AD6962 /* DestinyBrain.swift */,
				96FF9AD32A30327A00FA4F2B /* Assets.xcassets */,
				96FF9AD52A30327A00FA4F2B /* LaunchScreen.storyboard */,
				96FF9AD82A30327A00FA4F2B /* Info.plist */,
			);
			path = "Choose Your Destiny";
			sourceTree = "<group>";
		};
/* End PBXGroup section */

/* Begin PBXNativeTarget section */
		96FF9AC62A30327900FA4F2B /* Choose Your Destiny */ = {
			isa = PBXNativeTarget;
			buildConfigurationList = 96FF9ADB2A30327A00FA4F2B /* Build configuration list for PBXNativeTarget "Choose Your Destiny" */;
			buildPhases = (
				96FF9AC32A30327900FA4F2B /* Sources */,
				96FF9AC42A30327900FA4F2B /* Frameworks */,
				96FF9AC52A30327900FA4F2B /* Resources */,
			);
			buildRules = (
			);
			dependencies = (
			);
			name = "Choose Your Destiny";
			productName = "Choose Your Destiny";
			productReference = 96FF9AC72A30327900FA4F2B /* Choose Your Destiny.app */;
			productType = "com.apple.product-type.application";
		};
/* End PBXNativeTarget section */

/* Begin PBXProject section */
		96FF9ABF2A30327900FA4F2B /* Project object */ = {
			isa = PBXProject;
			attributes = {
				BuildIndependentTargetsInParallel = 1;
				LastSwiftUpdateCheck = 1430;
				LastUpgradeCheck = 1430;
				TargetAttributes = {
					96FF9AC62A30327900FA4F2B = {
						CreatedOnToolsVersion = 14.3;
					};
				};
			};
			buildConfigurationList = 96FF9AC22A30327900FA4F2B /* Build configuration list for PBXProject "Choose Your Destiny" */;
			compatibilityVersion = "Xcode 14.0";
			developmentRegion = en;
			hasScannedForEncodings = 0;
			knownRegions = (
				en,
				Base,
			);
			mainGroup = 96FF9ABE2A30327900FA4F2B;
			productRefGroup = 96FF9AC82A30327900FA4F2B /* Products */;
			projectDirPath = "";
			projectRoot = "";
			targets = (
				96FF9AC62A30327900FA4F2B /* Choose Your Destiny */,
			);
		};
/* End PBXProject section */

/* Begin PBXResourcesBuildPhase section */
		96FF9AC52A30327900FA4F2B /* Resources */ = {
			isa = PBXResourcesBuildPhase;
			buildActionMask = 2147483647;
			files = (
				96FF9AD72A30327A00FA4F2B /* LaunchScreen.storyboard in Resources */,
				96FF9AD42A30327A00FA4F2B /* Assets.xcassets in Resources */,
				96FF9AD22A30327900FA4F2B /* Main.storyboard in Resources */,
			);
			runOnlyForDeploymentPostprocessing = 0;
		};
/* End PBXResourcesBuildPhase section */

/* Begin PBXSourcesBuildPhase section */
		96FF9AC32A30327900FA4F2B /* Sources */ = {
			isa = PBXSourcesBuildPhase;
			buildActionMask = 2147483647;
			files = (
				968B3EC02A3039AA00AD6962 /* Destiny.swift in Sources */,
				96FF9ACF2A30327900FA4F2B /* ViewController.swift in Sources */,
				96FF9ACB2A30327900FA4F2B /* AppDelegate.swift in Sources */,
				968B3EC42A3039ED00AD6962 /* DestinyBrain.swift in Sources */,
				96FF9ACD2A30327900FA4F2B /* SceneDelegate.swift in Sources */,
			);
			runOnlyForDeploymentPostprocessing = 0;
		};
/* End PBXSourcesBuildPhase section */

/* Begin PBXVariantGroup section */
		96FF9AD02A30327900FA4F2B /* Main.storyboard */ = {
			isa = PBXVariantGroup;
			children = (
				96FF9AD12A30327900FA4F2B /* Base */,
			);
			name = Main.storyboard;
			sourceTree = "<group>";
		};
		96FF9AD52A30327A00FA4F2B /* LaunchScreen.storyboard */ = {
			isa = PBXVariantGroup;
			children = (
				96FF9AD62A30327A00FA4F2B /* Base */,
			);
			name = LaunchScreen.storyboard;
			sourceTree = "<group>";
		};
/* End PBXVariantGroup section */

/* Begin XCBuildConfiguration section */
		96FF9AD92A30327A00FA4F2B /* Debug */ = {
			isa = XCBuildConfiguration;
			buildSettings = {
				ALWAYS_SEARCH_USER_PATHS = NO;
				CLANG_ANALYZER_NONNULL = YES;
				CLANG_ANALYZER_NUMBER_OBJECT_CONVERSION = YES_AGGRESSIVE;
				CLANG_CXX_LANGUAGE_STANDARD = "gnu++20";
				CLANG_ENABLE_MODULES = YES;
				CLANG_ENABLE_OBJC_ARC = YES;
				CLANG_ENABLE_OBJC_WEAK = YES;
				CLANG_WARN_BLOCK_CAPTURE_AUTORELEASING = YES;
				CLANG_WARN_BOOL_CONVERSION = YES;
				CLANG_WARN_COMMA = YES;
				CLANG_WARN_CONSTANT_CONVERSION = YES;
				CLANG_WARN_DEPRECATED_OBJC_IMPLEMENTATIONS = YES;
				CLANG_WARN_DIRECT_OBJC_ISA_USAGE = YES_ERROR;
				CLANG_WARN_DOCUMENTATION_COMMENTS = YES;
				CLANG_WARN_EMPTY_BODY = YES;
				CLANG_WARN_ENUM_CONVERSION = YES;
				CLANG_WARN_INFINITE_RECURSION = YES;
				CLANG_WARN_INT_CONVERSION = YES;
				CLANG_WARN_NON_LITERAL_NULL_CONVERSION = YES;
				CLANG_WARN_OBJC_IMPLICIT_RETAIN_SELF = YES;
				CLANG_WARN_OBJC_LITERAL_CONVERSION = YES;
				CLANG_WARN_OBJC_ROOT_CLASS = YES_ERROR;
				CLANG_WARN_QUOTED_INCLUDE_IN_FRAMEWORK_HEADER = YES;
				CLANG_WARN_RANGE_LOOP_ANALYSIS = YES;
				CLANG_WARN_STRICT_PROTOTYPES = YES;
				CLANG_WARN_SUSPICIOUS_MOVE = YES;
				CLANG_WARN_UNGUARDED_AVAILABILITY = YES_AGGRESSIVE;
				CLANG_WARN_UNREACHABLE_CODE = YES;
				CLANG_WARN__DUPLICATE_METHOD_MATCH = YES;
				COPY_PHASE_STRIP = NO;
				DEBUG_INFORMATION_FORMAT = dwarf;
				ENABLE_STRICT_OBJC_MSGSEND = YES;
				ENABLE_TESTABILITY = YES;
				GCC_C_LANGUAGE_STANDARD = gnu11;
				GCC_DYNAMIC_NO_PIC = NO;
				GCC_NO_COMMON_BLOCKS = YES;
				GCC_OPTIMIZATION_LEVEL = 0;
				GCC_PREPROCESSOR_DEFINITIONS = (
					"DEBUG=1",
					"$(inherited)",
				);
				GCC_WARN_64_TO_32_BIT_CONVERSION = YES;
				GCC_WARN_ABOUT_RETURN_TYPE = YES_ERROR;
				GCC_WARN_UNDECLARED_SELECTOR = YES;
				GCC_WARN_UNINITIALIZED_AUTOS = YES_AGGRESSIVE;
				GCC_WARN_UNUSED_FUNCTION = YES;
				GCC_WARN_UNUSED_VARIABLE = YES;
				IPHONEOS_DEPLOYMENT_TARGET = 16.4;
				MTL_ENABLE_DEBUG_INFO = INCLUDE_SOURCE;
				MTL_FAST_MATH = YES;
				ONLY_ACTIVE_ARCH = YES;
				SDKROOT = iphoneos;
				SWIFT_ACTIVE_COMPILATION_CONDITIONS = DEBUG;
				SWIFT_OPTIMIZATION_LEVEL = "-Onone";
			};
			name = Debug;
		};
		96FF9ADA2A30327A00FA4F2B /* Release */ = {
			isa = XCBuildConfiguration;
			buildSettings = {
				ALWAYS_SEARCH_USER_PATHS = NO;
				CLANG_ANALYZER_NONNULL = YES;
				CLANG_ANALYZER_NUMBER_OBJECT_CONVERSION = YES_AGGRESSIVE;
				CLANG_CXX_LANGUAGE_STANDARD = "gnu++20";
				CLANG_ENABLE_MODULES = YES;
				CLANG_ENABLE_OBJC_ARC = YES;
				CLANG_ENABLE_OBJC_WEAK = YES;
				CLANG_WARN_BLOCK_CAPTURE_AUTORELEASING = YES;
				CLANG_WARN_BOOL_CONVERSION = YES;
				CLANG_WARN_COMMA = YES;
				CLANG_WARN_CONSTANT_CONVERSION = YES;
				CLANG_WARN_DEPRECATED_OBJC_IMPLEMENTATIONS = YES;
				CLANG_WARN_DIRECT_OBJC_ISA_USAGE = YES_ERROR;
				CLANG_WARN_DOCUMENTATION_COMMENTS = YES;
				CLANG_WARN_EMPTY_BODY = YES;
				CLANG_WARN_ENUM_CONVERSION = YES;
				CLANG_WARN_INFINITE_RECURSION = YES;
				CLANG_WARN_INT_CONVERSION = YES;
				CLANG_WARN_NON_LITERAL_NULL_CONVERSION = YES;
				CLANG_WARN_OBJC_IMPLICIT_RETAIN_SELF = YES;
				CLANG_WARN_OBJC_LITERAL_CONVERSION = YES;
				CLANG_WARN_OBJC_ROOT_CLASS = YES_ERROR;
				CLANG_WARN_QUOTED_INCLUDE_IN_FRAMEWORK_HEADER = YES;
				CLANG_WARN_RANGE_LOOP_ANALYSIS = YES;
				CLANG_WARN_STRICT_PROTOTYPES = YES;
				CLANG_WARN_SUSPICIOUS_MOVE = YES;
				CLANG_WARN_UNGUARDED_AVAILABILITY = YES_AGGRESSIVE;
				CLANG_WARN_UNREACHABLE_CODE = YES;
				CLANG_WARN__DUPLICATE_METHOD_MATCH = YES;
				COPY_PHASE_STRIP = NO;
				DEBUG_INFORMATION_FORMAT = "dwarf-with-dsym";
				ENABLE_NS_ASSERTIONS = NO;
				ENABLE_STRICT_OBJC_MSGSEND = YES;
				GCC_C_LANGUAGE_STANDARD = gnu11;
				GCC_NO_COMMON_BLOCKS = YES;
				GCC_WARN_64_TO_32_BIT_CONVERSION = YES;
				GCC_WARN_ABOUT_RETURN_TYPE = YES_ERROR;
				GCC_WARN_UNDECLARED_SELECTOR = YES;
				GCC_WARN_UNINITIALIZED_AUTOS = YES_AGGRESSIVE;
				GCC_WARN_UNUSED_FUNCTION = YES;
				GCC_WARN_UNUSED_VARIABLE = YES;
				IPHONEOS_DEPLOYMENT_TARGET = 16.4;
				MTL_ENABLE_DEBUG_INFO = NO;
				MTL_FAST_MATH = YES;
				SDKROOT = iphoneos;
				SWIFT_COMPILATION_MODE = wholemodule;
				SWIFT_OPTIMIZATION_LEVEL = "-O";
				VALIDATE_PRODUCT = YES;
			};
			name = Release;
		};
		96FF9ADC2A30327A00FA4F2B /* Debug */ = {
			isa = XCBuildConfiguration;
			buildSettings = {
				ASSETCATALOG_COMPILER_APPICON_NAME = AppIcon;
				ASSETCATALOG_COMPILER_GLOBAL_ACCENT_COLOR_NAME = AccentColor;
				CODE_SIGN_STYLE = Automatic;
				CURRENT_PROJECT_VERSION = 1;
				GENERATE_INFOPLIST_FILE = YES;
				INFOPLIST_FILE = "Choose Your Destiny/Info.plist";
				INFOPLIST_KEY_UIApplicationSupportsIndirectInputEvents = YES;
				INFOPLIST_KEY_UILaunchStoryboardName = LaunchScreen;
				INFOPLIST_KEY_UIMainStoryboardFile = Main;
				INFOPLIST_KEY_UISupportedInterfaceOrientations_iPad = "UIInterfaceOrientationPortrait UIInterfaceOrientationPortraitUpsideDown UIInterfaceOrientationLandscapeLeft UIInterfaceOrientationLandscapeRight";
				INFOPLIST_KEY_UISupportedInterfaceOrientations_iPhone = "UIInterfaceOrientationPortrait UIInterfaceOrientationLandscapeLeft UIInterfaceOrientationLandscapeRight";
				IPHONEOS_DEPLOYMENT_TARGET = 16.0;
				LD_RUNPATH_SEARCH_PATHS = (
					"$(inherited)",
					"@executable_path/Frameworks",
				);
				MARKETING_VERSION = 1.0;
				PRODUCT_BUNDLE_IDENTIFIER = "com.salman.Choose-Your-Destiny";
				PRODUCT_NAME = "$(TARGET_NAME)";
				SWIFT_EMIT_LOC_STRINGS = YES;
				SWIFT_VERSION = 5.0;
				TARGETED_DEVICE_FAMILY = "1,2";
			};
			name = Debug;
		};
		96FF9ADD2A30327A00FA4F2B /* Release */ = {
			isa = XCBuildConfiguration;
			buildSettings = {
				ASSETCATALOG_COMPILER_APPICON_NAME = AppIcon;
				ASSETCATALOG_COMPILER_GLOBAL_ACCENT_COLOR_NAME = AccentColor;
				CODE_SIGN_STYLE = Automatic;
				CURRENT_PROJECT_VERSION = 1;
				GENERATE_INFOPLIST_FILE = YES;
				INFOPLIST_FILE = "Choose Your Destiny/Info.plist";
				INFOPLIST_KEY_UIApplicationSupportsIndirectInputEvents = YES;
				INFOPLIST_KEY_UILaunchStoryboardName = LaunchScreen;
				INFOPLIST_KEY_UIMainStoryboardFile = Main;
				INFOPLIST_KEY_UISupportedInterfaceOrientations_iPad = "UIInterfaceOrientationPortrait UIInterfaceOrientationPortraitUpsideDown UIInterfaceOrientationLandscapeLeft UIInterfaceOrientationLandscapeRight";
				INFOPLIST_KEY_UISupportedInterfaceOrientations_iPhone = "UIInterfaceOrientationPortrait UIInterfaceOrientationLandscapeLeft UIInterfaceOrientationLandscapeRight";
				IPHONEOS_DEPLOYMENT_TARGET = 16.0;
				LD_RUNPATH_SEARCH_PATHS = (
					"$(inherited)",
					"@executable_path/Frameworks",
				);
				MARKETING_VERSION = 1.0;
				PRODUCT_BUNDLE_IDENTIFIER = "com.salman.Choose-Your-Destiny";
				PRODUCT_NAME = "$(TARGET_NAME)";
				SWIFT_EMIT_LOC_STRINGS = YES;
				SWIFT_VERSION = 5.0;
				TARGETED_DEVICE_FAMILY = "1,2";
			};
			name = Release;
		};
/* End XCBuildConfiguration section */

/* Begin XCConfigurationList section */
		96FF9AC22A30327900FA4F2B /* Build configuration list for PBXProject "Choose Your Destiny" */ = {
			isa = XCConfigurationList;
			buildConfigurations = (
				96FF9AD92A30327A00FA4F2B /* Debug */,
				96FF9ADA2A30327A00FA4F2B /* Release */,
			);
			defaultConfigurationIsVisible = 0;
			defaultConfigurationName = Release;
		};
		96FF9ADB2A30327A00FA4F2B /* Build configuration list for PBXNativeTarget "Choose Your Destiny" */ = {
			isa = XCConfigurationList;
			buildConfigurations = (
				96FF9ADC2A30327A00FA4F2B /* Debug */,
				96FF9ADD2A30327A00FA4F2B /* Release */,
			);
			defaultConfigurationIsVisible = 0;
			defaultConfigurationName = Release;
		};
/* End XCConfigurationList section */
	};
	rootObject = 96FF9ABF2A30327900FA4F2B /* Project object */;
}
